// !$*UTF8*$!
{
	archiveVersion = 1;
	classes = {
	};
	objectVersion = 46;
	objects = {

/* Begin PBXBuildFile section */
		D35688CD1F69AB0B003331BD /* main.m in Sources */ = {isa = PBXBuildFile; fileRef = D35688CC1F69AB0B003331BD /* main.m */; };
		D3987E2A1F6BC9BE0013778E /* Protocol.m in Sources */ = {isa = PBXBuildFile; fileRef = D3987E291F6BC9BE0013778E /* Protocol.m */; };
		D3987E2D1F6BCA200013778E /* DataCompressor.m in Sources */ = {isa = PBXBuildFile; fileRef = D3987E2C1F6BCA200013778E /* DataCompressor.m */; };
		D3987E301F6BCA2E0013778E /* DataSpliter.m in Sources */ = {isa = PBXBuildFile; fileRef = D3987E2F1F6BCA2E0013778E /* DataSpliter.m */; };
		D3987E331F6BCA3B0013778E /* PacketSender.m in Sources */ = {isa = PBXBuildFile; fileRef = D3987E321F6BCA3B0013778E /* PacketSender.m */; };
/* End PBXBuildFile section */

/* Begin PBXCopyFilesBuildPhase section */
		D35688C71F69AB0B003331BD /* CopyFiles */ = {
			isa = PBXCopyFilesBuildPhase;
			buildActionMask = 2147483647;
			dstPath = /usr/share/man/man1/;
			dstSubfolderSpec = 0;
			files = (
			);
			runOnlyForDeploymentPostprocessing = 1;
		};
/* End PBXCopyFilesBuildPhase section */

/* Begin PBXFileReference section */
		D35688C91F69AB0B003331BD /* Facade */ = {isa = PBXFileReference; explicitFileType = "compiled.mach-o.executable"; includeInIndex = 0; path = Facade; sourceTree = BUILT_PRODUCTS_DIR; };
		D35688CC1F69AB0B003331BD /* main.m */ = {isa = PBXFileReference; lastKnownFileType = sourcecode.c.objc; path = main.m; sourceTree = "<group>"; };
		D3987E281F6BC9BE0013778E /* Protocol.h */ = {isa = PBXFileReference; fileEncoding = 4; lastKnownFileType = sourcecode.c.h; path = Protocol.h; sourceTree = "<group>"; };
		D3987E291F6BC9BE0013778E /* Protocol.m */ = {isa = PBXFileReference; fileEncoding = 4; lastKnownFileType = sourcecode.c.objc; path = Protocol.m; sourceTree = "<group>"; };
		D3987E2B1F6BCA200013778E /* DataCompressor.h */ = {isa = PBXFileReference; fileEncoding = 4; lastKnownFileType = sourcecode.c.h; path = DataCompressor.h; sourceTree = "<group>"; };
		D3987E2C1F6BCA200013778E /* DataCompressor.m */ = {isa = PBXFileReference; fileEncoding = 4; lastKnownFileType = sourcecode.c.objc; path = DataCompressor.m; sourceTree = "<group>"; };
		D3987E2E1F6BCA2E0013778E /* DataSpliter.h */ = {isa = PBXFileReference; fileEncoding = 4; lastKnownFileType = sourcecode.c.h; path = DataSpliter.h; sourceTree = "<group>"; };
		D3987E2F1F6BCA2E0013778E /* DataSpliter.m */ = {isa = PBXFileReference; fileEncoding = 4; lastKnownFileType = sourcecode.c.objc; path = DataSpliter.m; sourceTree = "<group>"; };
		D3987E311F6BCA3B0013778E /* PacketSender.h */ = {isa = PBXFileReference; fileEncoding = 4; lastKnownFileType = sourcecode.c.h; path = PacketSender.h; sourceTree = "<group>"; };
		D3987E321F6BCA3B0013778E /* PacketSender.m */ = {isa = PBXFileReference; fileEncoding = 4; lastKnownFileType = sourcecode.c.objc; path = PacketSender.m; sourceTree = "<group>"; };
/* End PBXFileReference section */

/* Begin PBXFrameworksBuildPhase section */
		D35688C61F69AB0B003331BD /* Frameworks */ = {
			isa = PBXFrameworksBuildPhase;
			buildActionMask = 2147483647;
			files = (
			);
			runOnlyForDeploymentPostprocessing = 0;
		};
/* End PBXFrameworksBuildPhase section */

/* Begin PBXGroup section */
		D35688C01F69AB0B003331BD = {
			isa = PBXGroup;
			children = (
				D35688CB1F69AB0B003331BD /* Facade */,
				D35688CA1F69AB0B003331BD /* Products */,
			);
			sourceTree = "<group>";
		};
		D35688CA1F69AB0B003331BD /* Products */ = {
			isa = PBXGroup;
			children = (
				D35688C91F69AB0B003331BD /* Facade */,
			);
			name = Products;
			sourceTree = "<group>";
		};
		D35688CB1F69AB0B003331BD /* Facade */ = {
			isa = PBXGroup;
			children = (
				D35688CC1F69AB0B003331BD /* main.m */,
				D3987E281F6BC9BE0013778E /* Protocol.h */,
				D3987E291F6BC9BE0013778E /* Protocol.m */,
				D3987E2B1F6BCA200013778E /* DataCompressor.h */,
				D3987E2C1F6BCA200013778E /* DataCompressor.m */,
				D3987E2E1F6BCA2E0013778E /* DataSpliter.h */,
				D3987E2F1F6BCA2E0013778E /* DataSpliter.m */,
				D3987E311F6BCA3B0013778E /* PacketSender.h */,
				D3987E321F6BCA3B0013778E /* PacketSender.m */,
			);
			path = Facade;
			sourceTree = "<group>";
		};
/* End PBXGroup section */

/* Begin PBXNativeTarget section */
		D35688C81F69AB0B003331BD /* Facade */ = {
			isa = PBXNativeTarget;
			buildConfigurationList = D35688D01F69AB0B003331BD /* Build configuration list for PBXNativeTarget "Facade" */;
			buildPhases = (
				D35688C51F69AB0B003331BD /* Sources */,
				D35688C61F69AB0B003331BD /* Frameworks */,
				D35688C71F69AB0B003331BD /* CopyFiles */,
			);
			buildRules = (
			);
			dependencies = (
			);
			name = Facade;
			productName = Facade;
			productReference = D35688C91F69AB0B003331BD /* Facade */;
			productType = "com.apple.product-type.tool";
		};
/* End PBXNativeTarget section */

/* Begin PBXProject section */
		D35688C11F69AB0B003331BD /* Project object */ = {
			isa = PBXProject;
			attributes = {
				LastUpgradeCheck = 0830;
				ORGANIZATIONNAME = "KAZI MAHBUBUR RAHMAN";
				TargetAttributes = {
					D35688C81F69AB0B003331BD = {
						CreatedOnToolsVersion = 8.3.3;
						DevelopmentTeam = 49P3AP49Z4;
						ProvisioningStyle = Automatic;
					};
				};
			};
			buildConfigurationList = D35688C41F69AB0B003331BD /* Build configuration list for PBXProject "Facade" */;
			compatibilityVersion = "Xcode 3.2";
			developmentRegion = English;
			hasScannedForEncodings = 0;
			knownRegions = (
				en,
			);
			mainGroup = D35688C01F69AB0B003331BD;
			productRefGroup = D35688CA1F69AB0B003331BD /* Products */;
			projectDirPath = "";
			projectRoot = "";
			targets = (
				D35688C81F69AB0B003331BD /* Facade */,
			);
		};
/* End PBXProject section */

/* Begin PBXSourcesBuildPhase section */
		D35688C51F69AB0B003331BD /* Sources */ = {
			isa = PBXSourcesBuildPhase;
			buildActionMask = 2147483647;
			files = (
				D35688CD1F69AB0B003331BD /* main.m in Sources */,
				D3987E301F6BCA2E0013778E /* DataSpliter.m in Sources */,
				D3987E2D1F6BCA200013778E /* DataCompressor.m in Sources */,
				D3987E331F6BCA3B0013778E /* PacketSender.m in Sources */,
				D3987E2A1F6BC9BE0013778E /* Protocol.m in Sources */,
			);
			runOnlyForDeploymentPostprocessing = 0;
		};
/* End PBXSourcesBuildPhase section */

/* Begin XCBuildConfiguration section */
		D35688CE1F69AB0B003331BD /* Debug */ = {
			isa = XCBuildConfiguration;
			buildSettings = {
				ALWAYS_SEARCH_USER_PATHS = NO;
				CLANG_ANALYZER_NONNULL = YES;
				CLANG_ANALYZER_NUMBER_OBJECT_CONVERSION = YES_AGGRESSIVE;
				CLANG_CXX_LANGUAGE_STANDARD = "gnu++0x";
				CLANG_CXX_LIBRARY = "libc++";
				CLANG_ENABLE_MODULES = YES;
				CLANG_ENABLE_OBJC_ARC = YES;
				CLANG_WARN_BOOL_CONVERSION = YES;
				CLANG_WARN_CONSTANT_CONVERSION = YES;
				CLANG_WARN_DIRECT_OBJC_ISA_USAGE = YES_ERROR;
				CLANG_WARN_DOCUMENTATION_COMMENTS = YES;
				CLANG_WARN_EMPTY_BODY = YES;
				CLANG_WARN_ENUM_CONVERSION = YES;
				CLANG_WARN_INFINITE_RECURSION = YES;
				CLANG_WARN_INT_CONVERSION = YES;
				CLANG_WARN_OBJC_ROOT_CLASS = YES_ERROR;
				CLANG_WARN_SUSPICIOUS_MOVE = YES;
				CLANG_WARN_UNREACHABLE_CODE = YES;
				CLANG_WARN__DUPLICATE_METHOD_MATCH = YES;
				CODE_SIGN_IDENTITY = "-";
				COPY_PHASE_STRIP = NO;
				DEBUG_INFORMATION_FORMAT = dwarf;
				ENABLE_STRICT_OBJC_MSGSEND = YES;
				ENABLE_TESTABILITY = YES;
				GCC_C_LANGUAGE_STANDARD = gnu99;
				GCC_DYNAMIC_NO_PIC = NO;
				GCC_NO_COMMON_BLOCKS = YES;
				GCC_OPTIMIZATION_LEVEL = 0;
				GCC_PREPROCESSOR_DEFINITIONS = (
					"DEBUG=1",
					"$(inherited)",
				);
				GCC_WARN_64_TO_32_BIT_CONVERSION = YES;
				GCC_WARN_ABOUT_RETURN_TYPE = YES_ERROR;
				GCC_WARN_UNDECLARED_SELECTOR = YES;
				GCC_WARN_UNINITIALIZED_AUTOS = YES_AGGRESSIVE;
				GCC_WARN_UNUSED_FUNCTION = YES;
				GCC_WARN_UNUSED_VARIABLE = YES;
				MACOSX_DEPLOYMENT_TARGET = 10.12;
				MTL_ENABLE_DEBUG_INFO = YES;
				ONLY_ACTIVE_ARCH = YES;
				SDKROOT = macosx;
			};
			name = Debug;
		};
		D35688CF1F69AB0B003331BD /* Release */ = {
			isa = XCBuildConfiguration;
			buildSettings = {
				ALWAYS_SEARCH_USER_PATHS = NO;
				CLANG_ANALYZER_NONNULL = YES;
				CLANG_ANALYZER_NUMBER_OBJECT_CONVERSION = YES_AGGRESSIVE;
				CLANG_CXX_LANGUAGE_STANDARD = "gnu++0x";
				CLANG_CXX_LIBRARY = "libc++";
				CLANG_ENABLE_MODULES = YES;
				CLANG_ENABLE_OBJC_ARC = YES;
				CLANG_WARN_BOOL_CONVERSION = YES;
				CLANG_WARN_CONSTANT_CONVERSION = YES;
				CLANG_WARN_DIRECT_OBJC_ISA_USAGE = YES_ERROR;
				CLANG_WARN_DOCUMENTATION_COMMENTS = YES;
				CLANG_WARN_EMPTY_BODY = YES;
				CLANG_WARN_ENUM_CONVERSION = YES;
				CLANG_WARN_INFINITE_RECURSION = YES;
				CLANG_WARN_INT_CONVERSION = YES;
				CLANG_WARN_OBJC_ROOT_CLASS = YES_ERROR;
				CLANG_WARN_SUSPICIOUS_MOVE = YES;
				CLANG_WARN_UNREACHABLE_CODE = YES;
				CLANG_WARN__DUPLICATE_METHOD_MATCH = YES;
				CODE_SIGN_IDENTITY = "-";
				COPY_PHASE_STRIP = NO;
				DEBUG_INFORMATION_FORMAT = "dwarf-with-dsym";
				ENABLE_NS_ASSERTIONS = NO;
				ENABLE_STRICT_OBJC_MSGSEND = YES;
				GCC_C_LANGUAGE_STANDARD = gnu99;
				GCC_NO_COMMON_BLOCKS = YES;
				GCC_WARN_64_TO_32_BIT_CONVERSION = YES;
				GCC_WARN_ABOUT_RETURN_TYPE = YES_ERROR;
				GCC_WARN_UNDECLARED_SELECTOR = YES;
				GCC_WARN_UNINITIALIZED_AUTOS = YES_AGGRESSIVE;
				GCC_WARN_UNUSED_FUNCTION = YES;
				GCC_WARN_UNUSED_VARIABLE = YES;
				MACOSX_DEPLOYMENT_TARGET = 10.12;
				MTL_ENABLE_DEBUG_INFO = NO;
				SDKROOT = macosx;
			};
			name = Release;
		};
		D35688D11F69AB0B003331BD /* Debug */ = {
			isa = XCBuildConfiguration;
			buildSettings = {
				DEVELOPMENT_TEAM = 49P3AP49Z4;
				PRODUCT_NAME = "$(TARGET_NAME)";
			};
			name = Debug;
		};
		D35688D21F69AB0B003331BD /* Release */ = {
			isa = XCBuildConfiguration;
			buildSettings = {
				DEVELOPMENT_TEAM = 49P3AP49Z4;
				PRODUCT_NAME = "$(TARGET_NAME)";
			};
			name = Release;
		};
/* End XCBuildConfiguration section */

/* Begin XCConfigurationList section */
		D35688C41F69AB0B003331BD /* Build configuration list for PBXProject "Facade" */ = {
			isa = XCConfigurationList;
			buildConfigurations = (
				D35688CE1F69AB0B003331BD /* Debug */,
				D35688CF1F69AB0B003331BD /* Release */,
			);
			defaultConfigurationIsVisible = 0;
			defaultConfigurationName = Release;
		};
		D35688D01F69AB0B003331BD /* Build configuration list for PBXNativeTarget "Facade" */ = {
			isa = XCConfigurationList;
			buildConfigurations = (
				D35688D11F69AB0B003331BD /* Debug */,
				D35688D21F69AB0B003331BD /* Release */,
			);
			defaultConfigurationIsVisible = 0;
			defaultConfigurationName = Release;
		};
/* End XCConfigurationList section */
	};
	rootObject = D35688C11F69AB0B003331BD /* Project object */;
}
