// !$*UTF8*$!
{
	archiveVersion = 1;
	classes = {
	};
	objectVersion = 46;
	objects = {

/* Begin PBXBuildFile section */
		D3319B981F6C585500E7E32D /* AppleInc.m in Sources */ = {isa = PBXBuildFile; fileRef = D3319B971F6C585500E7E32D /* AppleInc.m */; };
		D3319B9B1F6C586800E7E32D /* Newspaper.m in Sources */ = {isa = PBXBuildFile; fileRef = D3319B9A1F6C586800E7E32D /* Newspaper.m */; };
		D3319B9E1F6C587400E7E32D /* Internet.m in Sources */ = {isa = PBXBuildFile; fileRef = D3319B9D1F6C587400E7E32D /* Internet.m */; };
		D356892C1F69AB6B003331BD /* main.m in Sources */ = {isa = PBXBuildFile; fileRef = D356892B1F69AB6B003331BD /* main.m */; };
/* End PBXBuildFile section */

/* Begin PBXCopyFilesBuildPhase section */
		D35689261F69AB6B003331BD /* CopyFiles */ = {
			isa = PBXCopyFilesBuildPhase;
			buildActionMask = 2147483647;
			dstPath = /usr/share/man/man1/;
			dstSubfolderSpec = 0;
			files = (
			);
			runOnlyForDeploymentPostprocessing = 1;
		};
/* End PBXCopyFilesBuildPhase section */

/* Begin PBXFileReference section */
		D3319B941F6C568800E7E32D /* Observer.h */ = {isa = PBXFileReference; lastKnownFileType = sourcecode.c.h; path = Observer.h; sourceTree = "<group>"; };
		D3319B951F6C569300E7E32D /* Observable.h */ = {isa = PBXFileReference; lastKnownFileType = sourcecode.c.h; path = Observable.h; sourceTree = "<group>"; };
		D3319B961F6C585500E7E32D /* AppleInc.h */ = {isa = PBXFileReference; fileEncoding = 4; lastKnownFileType = sourcecode.c.h; path = AppleInc.h; sourceTree = "<group>"; };
		D3319B971F6C585500E7E32D /* AppleInc.m */ = {isa = PBXFileReference; fileEncoding = 4; lastKnownFileType = sourcecode.c.objc; path = AppleInc.m; sourceTree = "<group>"; };
		D3319B991F6C586800E7E32D /* Newspaper.h */ = {isa = PBXFileReference; fileEncoding = 4; lastKnownFileType = sourcecode.c.h; path = Newspaper.h; sourceTree = "<group>"; };
		D3319B9A1F6C586800E7E32D /* Newspaper.m */ = {isa = PBXFileReference; fileEncoding = 4; lastKnownFileType = sourcecode.c.objc; path = Newspaper.m; sourceTree = "<group>"; };
		D3319B9C1F6C587400E7E32D /* Internet.h */ = {isa = PBXFileReference; fileEncoding = 4; lastKnownFileType = sourcecode.c.h; path = Internet.h; sourceTree = "<group>"; };
		D3319B9D1F6C587400E7E32D /* Internet.m */ = {isa = PBXFileReference; fileEncoding = 4; lastKnownFileType = sourcecode.c.objc; path = Internet.m; sourceTree = "<group>"; };
		D35689281F69AB6B003331BD /* Observer */ = {isa = PBXFileReference; explicitFileType = "compiled.mach-o.executable"; includeInIndex = 0; path = Observer; sourceTree = BUILT_PRODUCTS_DIR; };
		D356892B1F69AB6B003331BD /* main.m */ = {isa = PBXFileReference; lastKnownFileType = sourcecode.c.objc; path = main.m; sourceTree = "<group>"; };
/* End PBXFileReference section */

/* Begin PBXFrameworksBuildPhase section */
		D35689251F69AB6B003331BD /* Frameworks */ = {
			isa = PBXFrameworksBuildPhase;
			buildActionMask = 2147483647;
			files = (
			);
			runOnlyForDeploymentPostprocessing = 0;
		};
/* End PBXFrameworksBuildPhase section */

/* Begin PBXGroup section */
		D356891F1F69AB6B003331BD = {
			isa = PBXGroup;
			children = (
				D356892A1F69AB6B003331BD /* Observer */,
				D35689291F69AB6B003331BD /* Products */,
			);
			sourceTree = "<group>";
		};
		D35689291F69AB6B003331BD /* Products */ = {
			isa = PBXGroup;
			children = (
				D35689281F69AB6B003331BD /* Observer */,
			);
			name = Products;
			sourceTree = "<group>";
		};
		D356892A1F69AB6B003331BD /* Observer */ = {
			isa = PBXGroup;
			children = (
				D356892B1F69AB6B003331BD /* main.m */,
				D3319B941F6C568800E7E32D /* Observer.h */,
				D3319B951F6C569300E7E32D /* Observable.h */,
				D3319B961F6C585500E7E32D /* AppleInc.h */,
				D3319B971F6C585500E7E32D /* AppleInc.m */,
				D3319B991F6C586800E7E32D /* Newspaper.h */,
				D3319B9A1F6C586800E7E32D /* Newspaper.m */,
				D3319B9C1F6C587400E7E32D /* Internet.h */,
				D3319B9D1F6C587400E7E32D /* Internet.m */,
			);
			path = Observer;
			sourceTree = "<group>";
		};
/* End PBXGroup section */

/* Begin PBXNativeTarget section */
		D35689271F69AB6B003331BD /* Observer */ = {
			isa = PBXNativeTarget;
			buildConfigurationList = D356892F1F69AB6B003331BD /* Build configuration list for PBXNativeTarget "Observer" */;
			buildPhases = (
				D35689241F69AB6B003331BD /* Sources */,
				D35689251F69AB6B003331BD /* Frameworks */,
				D35689261F69AB6B003331BD /* CopyFiles */,
			);
			buildRules = (
			);
			dependencies = (
			);
			name = Observer;
			productName = Observer;
			productReference = D35689281F69AB6B003331BD /* Observer */;
			productType = "com.apple.product-type.tool";
		};
/* End PBXNativeTarget section */

/* Begin PBXProject section */
		D35689201F69AB6B003331BD /* Project object */ = {
			isa = PBXProject;
			attributes = {
				LastUpgradeCheck = 0830;
				ORGANIZATIONNAME = "KAZI MAHBUBUR RAHMAN";
				TargetAttributes = {
					D35689271F69AB6B003331BD = {
						CreatedOnToolsVersion = 8.3.3;
						DevelopmentTeam = 49P3AP49Z4;
						ProvisioningStyle = Automatic;
					};
				};
			};
			buildConfigurationList = D35689231F69AB6B003331BD /* Build configuration list for PBXProject "Observer" */;
			compatibilityVersion = "Xcode 3.2";
			developmentRegion = English;
			hasScannedForEncodings = 0;
			knownRegions = (
				en,
			);
			mainGroup = D356891F1F69AB6B003331BD;
			productRefGroup = D35689291F69AB6B003331BD /* Products */;
			projectDirPath = "";
			projectRoot = "";
			targets = (
				D35689271F69AB6B003331BD /* Observer */,
			);
		};
/* End PBXProject section */

/* Begin PBXSourcesBuildPhase section */
		D35689241F69AB6B003331BD /* Sources */ = {
			isa = PBXSourcesBuildPhase;
			buildActionMask = 2147483647;
			files = (
				D3319B9B1F6C586800E7E32D /* Newspaper.m in Sources */,
				D356892C1F69AB6B003331BD /* main.m in Sources */,
				D3319B9E1F6C587400E7E32D /* Internet.m in Sources */,
				D3319B981F6C585500E7E32D /* AppleInc.m in Sources */,
			);
			runOnlyForDeploymentPostprocessing = 0;
		};
/* End PBXSourcesBuildPhase section */

/* Begin XCBuildConfiguration section */
		D356892D1F69AB6B003331BD /* Debug */ = {
			isa = XCBuildConfiguration;
			buildSettings = {
				ALWAYS_SEARCH_USER_PATHS = NO;
				CLANG_ANALYZER_NONNULL = YES;
				CLANG_ANALYZER_NUMBER_OBJECT_CONVERSION = YES_AGGRESSIVE;
				CLANG_CXX_LANGUAGE_STANDARD = "gnu++0x";
				CLANG_CXX_LIBRARY = "libc++";
				CLANG_ENABLE_MODULES = YES;
				CLANG_ENABLE_OBJC_ARC = YES;
				CLANG_WARN_BOOL_CONVERSION = YES;
				CLANG_WARN_CONSTANT_CONVERSION = YES;
				CLANG_WARN_DIRECT_OBJC_ISA_USAGE = YES_ERROR;
				CLANG_WARN_DOCUMENTATION_COMMENTS = YES;
				CLANG_WARN_EMPTY_BODY = YES;
				CLANG_WARN_ENUM_CONVERSION = YES;
				CLANG_WARN_INFINITE_RECURSION = YES;
				CLANG_WARN_INT_CONVERSION = YES;
				CLANG_WARN_OBJC_ROOT_CLASS = YES_ERROR;
				CLANG_WARN_SUSPICIOUS_MOVE = YES;
				CLANG_WARN_UNREACHABLE_CODE = YES;
				CLANG_WARN__DUPLICATE_METHOD_MATCH = YES;
				CODE_SIGN_IDENTITY = "-";
				COPY_PHASE_STRIP = NO;
				DEBUG_INFORMATION_FORMAT = dwarf;
				ENABLE_STRICT_OBJC_MSGSEND = YES;
				ENABLE_TESTABILITY = YES;
				GCC_C_LANGUAGE_STANDARD = gnu99;
				GCC_DYNAMIC_NO_PIC = NO;
				GCC_NO_COMMON_BLOCKS = YES;
				GCC_OPTIMIZATION_LEVEL = 0;
				GCC_PREPROCESSOR_DEFINITIONS = (
					"DEBUG=1",
					"$(inherited)",
				);
				GCC_WARN_64_TO_32_BIT_CONVERSION = YES;
				GCC_WARN_ABOUT_RETURN_TYPE = YES_ERROR;
				GCC_WARN_UNDECLARED_SELECTOR = YES;
				GCC_WARN_UNINITIALIZED_AUTOS = YES_AGGRESSIVE;
				GCC_WARN_UNUSED_FUNCTION = YES;
				GCC_WARN_UNUSED_VARIABLE = YES;
				MACOSX_DEPLOYMENT_TARGET = 10.12;
				MTL_ENABLE_DEBUG_INFO = YES;
				ONLY_ACTIVE_ARCH = YES;
				SDKROOT = macosx;
			};
			name = Debug;
		};
		D356892E1F69AB6B003331BD /* Release */ = {
			isa = XCBuildConfiguration;
			buildSettings = {
				ALWAYS_SEARCH_USER_PATHS = NO;
				CLANG_ANALYZER_NONNULL = YES;
				CLANG_ANALYZER_NUMBER_OBJECT_CONVERSION = YES_AGGRESSIVE;
				CLANG_CXX_LANGUAGE_STANDARD = "gnu++0x";
				CLANG_CXX_LIBRARY = "libc++";
				CLANG_ENABLE_MODULES = YES;
				CLANG_ENABLE_OBJC_ARC = YES;
				CLANG_WARN_BOOL_CONVERSION = YES;
				CLANG_WARN_CONSTANT_CONVERSION = YES;
				CLANG_WARN_DIRECT_OBJC_ISA_USAGE = YES_ERROR;
				CLANG_WARN_DOCUMENTATION_COMMENTS = YES;
				CLANG_WARN_EMPTY_BODY = YES;
				CLANG_WARN_ENUM_CONVERSION = YES;
				CLANG_WARN_INFINITE_RECURSION = YES;
				CLANG_WARN_INT_CONVERSION = YES;
				CLANG_WARN_OBJC_ROOT_CLASS = YES_ERROR;
				CLANG_WARN_SUSPICIOUS_MOVE = YES;
				CLANG_WARN_UNREACHABLE_CODE = YES;
				CLANG_WARN__DUPLICATE_METHOD_MATCH = YES;
				CODE_SIGN_IDENTITY = "-";
				COPY_PHASE_STRIP = NO;
				DEBUG_INFORMATION_FORMAT = "dwarf-with-dsym";
				ENABLE_NS_ASSERTIONS = NO;
				ENABLE_STRICT_OBJC_MSGSEND = YES;
				GCC_C_LANGUAGE_STANDARD = gnu99;
				GCC_NO_COMMON_BLOCKS = YES;
				GCC_WARN_64_TO_32_BIT_CONVERSION = YES;
				GCC_WARN_ABOUT_RETURN_TYPE = YES_ERROR;
				GCC_WARN_UNDECLARED_SELECTOR = YES;
				GCC_WARN_UNINITIALIZED_AUTOS = YES_AGGRESSIVE;
				GCC_WARN_UNUSED_FUNCTION = YES;
				GCC_WARN_UNUSED_VARIABLE = YES;
				MACOSX_DEPLOYMENT_TARGET = 10.12;
				MTL_ENABLE_DEBUG_INFO = NO;
				SDKROOT = macosx;
			};
			name = Release;
		};
		D35689301F69AB6B003331BD /* Debug */ = {
			isa = XCBuildConfiguration;
			buildSettings = {
				DEVELOPMENT_TEAM = 49P3AP49Z4;
				PRODUCT_NAME = "$(TARGET_NAME)";
			};
			name = Debug;
		};
		D35689311F69AB6B003331BD /* Release */ = {
			isa = XCBuildConfiguration;
			buildSettings = {
				DEVELOPMENT_TEAM = 49P3AP49Z4;
				PRODUCT_NAME = "$(TARGET_NAME)";
			};
			name = Release;
		};
/* End XCBuildConfiguration section */

/* Begin XCConfigurationList section */
		D35689231F69AB6B003331BD /* Build configuration list for PBXProject "Observer" */ = {
			isa = XCConfigurationList;
			buildConfigurations = (
				D356892D1F69AB6B003331BD /* Debug */,
				D356892E1F69AB6B003331BD /* Release */,
			);
			defaultConfigurationIsVisible = 0;
			defaultConfigurationName = Release;
		};
		D356892F1F69AB6B003331BD /* Build configuration list for PBXNativeTarget "Observer" */ = {
			isa = XCConfigurationList;
			buildConfigurations = (
				D35689301F69AB6B003331BD /* Debug */,
				D35689311F69AB6B003331BD /* Release */,
			);
			defaultConfigurationIsVisible = 0;
			defaultConfigurationName = Release;
		};
/* End XCConfigurationList section */
	};
	rootObject = D35689201F69AB6B003331BD /* Project object */;
}
