// !$*UTF8*$!
{
	archiveVersion = 1;
	classes = {
	};
	objectVersion = 46;
	objects = {

/* Begin PBXBuildFile section */
		D35689191F69AB5D003331BD /* main.m in Sources */ = {isa = PBXBuildFile; fileRef = D35689181F69AB5D003331BD /* main.m */; };
		D3987E461F6BF5E50013778E /* Widget.m in Sources */ = {isa = PBXBuildFile; fileRef = D3987E451F6BF5E50013778E /* Widget.m */; };
		D3987E4A1F6BF6050013778E /* ListBox.m in Sources */ = {isa = PBXBuildFile; fileRef = D3987E491F6BF6050013778E /* ListBox.m */; };
		D3987E4D1F6BF6110013778E /* Button.m in Sources */ = {isa = PBXBuildFile; fileRef = D3987E4C1F6BF6110013778E /* Button.m */; };
		D3987E501F6BF61D0013778E /* CheckBox.m in Sources */ = {isa = PBXBuildFile; fileRef = D3987E4F1F6BF61D0013778E /* CheckBox.m */; };
		D3987E531F6BF62F0013778E /* MyDialogBoxMediator.m in Sources */ = {isa = PBXBuildFile; fileRef = D3987E521F6BF62F0013778E /* MyDialogBoxMediator.m */; };
/* End PBXBuildFile section */

/* Begin PBXCopyFilesBuildPhase section */
		D35689131F69AB5D003331BD /* CopyFiles */ = {
			isa = PBXCopyFilesBuildPhase;
			buildActionMask = 2147483647;
			dstPath = /usr/share/man/man1/;
			dstSubfolderSpec = 0;
			files = (
			);
			runOnlyForDeploymentPostprocessing = 1;
		};
/* End PBXCopyFilesBuildPhase section */

/* Begin PBXFileReference section */
		D35689151F69AB5D003331BD /* Mediator */ = {isa = PBXFileReference; explicitFileType = "compiled.mach-o.executable"; includeInIndex = 0; path = Mediator; sourceTree = BUILT_PRODUCTS_DIR; };
		D35689181F69AB5D003331BD /* main.m */ = {isa = PBXFileReference; lastKnownFileType = sourcecode.c.objc; path = main.m; sourceTree = "<group>"; };
		D3987E441F6BF5E50013778E /* Widget.h */ = {isa = PBXFileReference; fileEncoding = 4; lastKnownFileType = sourcecode.c.h; path = Widget.h; sourceTree = "<group>"; };
		D3987E451F6BF5E50013778E /* Widget.m */ = {isa = PBXFileReference; fileEncoding = 4; lastKnownFileType = sourcecode.c.objc; path = Widget.m; sourceTree = "<group>"; };
		D3987E471F6BF5F90013778E /* DialogBoxMediator.h */ = {isa = PBXFileReference; lastKnownFileType = sourcecode.c.h; path = DialogBoxMediator.h; sourceTree = "<group>"; };
		D3987E481F6BF6050013778E /* ListBox.h */ = {isa = PBXFileReference; fileEncoding = 4; lastKnownFileType = sourcecode.c.h; path = ListBox.h; sourceTree = "<group>"; };
		D3987E491F6BF6050013778E /* ListBox.m */ = {isa = PBXFileReference; fileEncoding = 4; lastKnownFileType = sourcecode.c.objc; path = ListBox.m; sourceTree = "<group>"; };
		D3987E4B1F6BF6110013778E /* Button.h */ = {isa = PBXFileReference; fileEncoding = 4; lastKnownFileType = sourcecode.c.h; path = Button.h; sourceTree = "<group>"; };
		D3987E4C1F6BF6110013778E /* Button.m */ = {isa = PBXFileReference; fileEncoding = 4; lastKnownFileType = sourcecode.c.objc; path = Button.m; sourceTree = "<group>"; };
		D3987E4E1F6BF61D0013778E /* CheckBox.h */ = {isa = PBXFileReference; fileEncoding = 4; lastKnownFileType = sourcecode.c.h; path = CheckBox.h; sourceTree = "<group>"; };
		D3987E4F1F6BF61D0013778E /* CheckBox.m */ = {isa = PBXFileReference; fileEncoding = 4; lastKnownFileType = sourcecode.c.objc; path = CheckBox.m; sourceTree = "<group>"; };
		D3987E511F6BF62F0013778E /* MyDialogBoxMediator.h */ = {isa = PBXFileReference; fileEncoding = 4; lastKnownFileType = sourcecode.c.h; path = MyDialogBoxMediator.h; sourceTree = "<group>"; };
		D3987E521F6BF62F0013778E /* MyDialogBoxMediator.m */ = {isa = PBXFileReference; fileEncoding = 4; lastKnownFileType = sourcecode.c.objc; path = MyDialogBoxMediator.m; sourceTree = "<group>"; };
/* End PBXFileReference section */

/* Begin PBXFrameworksBuildPhase section */
		D35689121F69AB5D003331BD /* Frameworks */ = {
			isa = PBXFrameworksBuildPhase;
			buildActionMask = 2147483647;
			files = (
			);
			runOnlyForDeploymentPostprocessing = 0;
		};
/* End PBXFrameworksBuildPhase section */

/* Begin PBXGroup section */
		D356890C1F69AB5D003331BD = {
			isa = PBXGroup;
			children = (
				D35689171F69AB5D003331BD /* Mediator */,
				D35689161F69AB5D003331BD /* Products */,
			);
			sourceTree = "<group>";
		};
		D35689161F69AB5D003331BD /* Products */ = {
			isa = PBXGroup;
			children = (
				D35689151F69AB5D003331BD /* Mediator */,
			);
			name = Products;
			sourceTree = "<group>";
		};
		D35689171F69AB5D003331BD /* Mediator */ = {
			isa = PBXGroup;
			children = (
				D35689181F69AB5D003331BD /* main.m */,
				D3987E441F6BF5E50013778E /* Widget.h */,
				D3987E451F6BF5E50013778E /* Widget.m */,
				D3987E471F6BF5F90013778E /* DialogBoxMediator.h */,
				D3987E481F6BF6050013778E /* ListBox.h */,
				D3987E491F6BF6050013778E /* ListBox.m */,
				D3987E4B1F6BF6110013778E /* Button.h */,
				D3987E4C1F6BF6110013778E /* Button.m */,
				D3987E4E1F6BF61D0013778E /* CheckBox.h */,
				D3987E4F1F6BF61D0013778E /* CheckBox.m */,
				D3987E511F6BF62F0013778E /* MyDialogBoxMediator.h */,
				D3987E521F6BF62F0013778E /* MyDialogBoxMediator.m */,
			);
			path = Mediator;
			sourceTree = "<group>";
		};
/* End PBXGroup section */

/* Begin PBXNativeTarget section */
		D35689141F69AB5D003331BD /* Mediator */ = {
			isa = PBXNativeTarget;
			buildConfigurationList = D356891C1F69AB5D003331BD /* Build configuration list for PBXNativeTarget "Mediator" */;
			buildPhases = (
				D35689111F69AB5D003331BD /* Sources */,
				D35689121F69AB5D003331BD /* Frameworks */,
				D35689131F69AB5D003331BD /* CopyFiles */,
			);
			buildRules = (
			);
			dependencies = (
			);
			name = Mediator;
			productName = Mediator;
			productReference = D35689151F69AB5D003331BD /* Mediator */;
			productType = "com.apple.product-type.tool";
		};
/* End PBXNativeTarget section */

/* Begin PBXProject section */
		D356890D1F69AB5D003331BD /* Project object */ = {
			isa = PBXProject;
			attributes = {
				LastUpgradeCheck = 0830;
				ORGANIZATIONNAME = "KAZI MAHBUBUR RAHMAN";
				TargetAttributes = {
					D35689141F69AB5D003331BD = {
						CreatedOnToolsVersion = 8.3.3;
						DevelopmentTeam = 49P3AP49Z4;
						ProvisioningStyle = Automatic;
					};
				};
			};
			buildConfigurationList = D35689101F69AB5D003331BD /* Build configuration list for PBXProject "Mediator" */;
			compatibilityVersion = "Xcode 3.2";
			developmentRegion = English;
			hasScannedForEncodings = 0;
			knownRegions = (
				en,
			);
			mainGroup = D356890C1F69AB5D003331BD;
			productRefGroup = D35689161F69AB5D003331BD /* Products */;
			projectDirPath = "";
			projectRoot = "";
			targets = (
				D35689141F69AB5D003331BD /* Mediator */,
			);
		};
/* End PBXProject section */

/* Begin PBXSourcesBuildPhase section */
		D35689111F69AB5D003331BD /* Sources */ = {
			isa = PBXSourcesBuildPhase;
			buildActionMask = 2147483647;
			files = (
				D3987E531F6BF62F0013778E /* MyDialogBoxMediator.m in Sources */,
				D3987E4A1F6BF6050013778E /* ListBox.m in Sources */,
				D35689191F69AB5D003331BD /* main.m in Sources */,
				D3987E461F6BF5E50013778E /* Widget.m in Sources */,
				D3987E501F6BF61D0013778E /* CheckBox.m in Sources */,
				D3987E4D1F6BF6110013778E /* Button.m in Sources */,
			);
			runOnlyForDeploymentPostprocessing = 0;
		};
/* End PBXSourcesBuildPhase section */

/* Begin XCBuildConfiguration section */
		D356891A1F69AB5D003331BD /* Debug */ = {
			isa = XCBuildConfiguration;
			buildSettings = {
				ALWAYS_SEARCH_USER_PATHS = NO;
				CLANG_ANALYZER_NONNULL = YES;
				CLANG_ANALYZER_NUMBER_OBJECT_CONVERSION = YES_AGGRESSIVE;
				CLANG_CXX_LANGUAGE_STANDARD = "gnu++0x";
				CLANG_CXX_LIBRARY = "libc++";
				CLANG_ENABLE_MODULES = YES;
				CLANG_ENABLE_OBJC_ARC = YES;
				CLANG_WARN_BOOL_CONVERSION = YES;
				CLANG_WARN_CONSTANT_CONVERSION = YES;
				CLANG_WARN_DIRECT_OBJC_ISA_USAGE = YES_ERROR;
				CLANG_WARN_DOCUMENTATION_COMMENTS = YES;
				CLANG_WARN_EMPTY_BODY = YES;
				CLANG_WARN_ENUM_CONVERSION = YES;
				CLANG_WARN_INFINITE_RECURSION = YES;
				CLANG_WARN_INT_CONVERSION = YES;
				CLANG_WARN_OBJC_ROOT_CLASS = YES_ERROR;
				CLANG_WARN_SUSPICIOUS_MOVE = YES;
				CLANG_WARN_UNREACHABLE_CODE = YES;
				CLANG_WARN__DUPLICATE_METHOD_MATCH = YES;
				CODE_SIGN_IDENTITY = "-";
				COPY_PHASE_STRIP = NO;
				DEBUG_INFORMATION_FORMAT = dwarf;
				ENABLE_STRICT_OBJC_MSGSEND = YES;
				ENABLE_TESTABILITY = YES;
				GCC_C_LANGUAGE_STANDARD = gnu99;
				GCC_DYNAMIC_NO_PIC = NO;
				GCC_NO_COMMON_BLOCKS = YES;
				GCC_OPTIMIZATION_LEVEL = 0;
				GCC_PREPROCESSOR_DEFINITIONS = (
					"DEBUG=1",
					"$(inherited)",
				);
				GCC_WARN_64_TO_32_BIT_CONVERSION = YES;
				GCC_WARN_ABOUT_RETURN_TYPE = YES_ERROR;
				GCC_WARN_UNDECLARED_SELECTOR = YES;
				GCC_WARN_UNINITIALIZED_AUTOS = YES_AGGRESSIVE;
				GCC_WARN_UNUSED_FUNCTION = YES;
				GCC_WARN_UNUSED_VARIABLE = YES;
				MACOSX_DEPLOYMENT_TARGET = 10.12;
				MTL_ENABLE_DEBUG_INFO = YES;
				ONLY_ACTIVE_ARCH = YES;
				SDKROOT = macosx;
			};
			name = Debug;
		};
		D356891B1F69AB5D003331BD /* Release */ = {
			isa = XCBuildConfiguration;
			buildSettings = {
				ALWAYS_SEARCH_USER_PATHS = NO;
				CLANG_ANALYZER_NONNULL = YES;
				CLANG_ANALYZER_NUMBER_OBJECT_CONVERSION = YES_AGGRESSIVE;
				CLANG_CXX_LANGUAGE_STANDARD = "gnu++0x";
				CLANG_CXX_LIBRARY = "libc++";
				CLANG_ENABLE_MODULES = YES;
				CLANG_ENABLE_OBJC_ARC = YES;
				CLANG_WARN_BOOL_CONVERSION = YES;
				CLANG_WARN_CONSTANT_CONVERSION = YES;
				CLANG_WARN_DIRECT_OBJC_ISA_USAGE = YES_ERROR;
				CLANG_WARN_DOCUMENTATION_COMMENTS = YES;
				CLANG_WARN_EMPTY_BODY = YES;
				CLANG_WARN_ENUM_CONVERSION = YES;
				CLANG_WARN_INFINITE_RECURSION = YES;
				CLANG_WARN_INT_CONVERSION = YES;
				CLANG_WARN_OBJC_ROOT_CLASS = YES_ERROR;
				CLANG_WARN_SUSPICIOUS_MOVE = YES;
				CLANG_WARN_UNREACHABLE_CODE = YES;
				CLANG_WARN__DUPLICATE_METHOD_MATCH = YES;
				CODE_SIGN_IDENTITY = "-";
				COPY_PHASE_STRIP = NO;
				DEBUG_INFORMATION_FORMAT = "dwarf-with-dsym";
				ENABLE_NS_ASSERTIONS = NO;
				ENABLE_STRICT_OBJC_MSGSEND = YES;
				GCC_C_LANGUAGE_STANDARD = gnu99;
				GCC_NO_COMMON_BLOCKS = YES;
				GCC_WARN_64_TO_32_BIT_CONVERSION = YES;
				GCC_WARN_ABOUT_RETURN_TYPE = YES_ERROR;
				GCC_WARN_UNDECLARED_SELECTOR = YES;
				GCC_WARN_UNINITIALIZED_AUTOS = YES_AGGRESSIVE;
				GCC_WARN_UNUSED_FUNCTION = YES;
				GCC_WARN_UNUSED_VARIABLE = YES;
				MACOSX_DEPLOYMENT_TARGET = 10.12;
				MTL_ENABLE_DEBUG_INFO = NO;
				SDKROOT = macosx;
			};
			name = Release;
		};
		D356891D1F69AB5D003331BD /* Debug */ = {
			isa = XCBuildConfiguration;
			buildSettings = {
				DEVELOPMENT_TEAM = 49P3AP49Z4;
				PRODUCT_NAME = "$(TARGET_NAME)";
			};
			name = Debug;
		};
		D356891E1F69AB5D003331BD /* Release */ = {
			isa = XCBuildConfiguration;
			buildSettings = {
				DEVELOPMENT_TEAM = 49P3AP49Z4;
				PRODUCT_NAME = "$(TARGET_NAME)";
			};
			name = Release;
		};
/* End XCBuildConfiguration section */

/* Begin XCConfigurationList section */
		D35689101F69AB5D003331BD /* Build configuration list for PBXProject "Mediator" */ = {
			isa = XCConfigurationList;
			buildConfigurations = (
				D356891A1F69AB5D003331BD /* Debug */,
				D356891B1F69AB5D003331BD /* Release */,
			);
			defaultConfigurationIsVisible = 0;
			defaultConfigurationName = Release;
		};
		D356891C1F69AB5D003331BD /* Build configuration list for PBXNativeTarget "Mediator" */ = {
			isa = XCConfigurationList;
			buildConfigurations = (
				D356891D1F69AB5D003331BD /* Debug */,
				D356891E1F69AB5D003331BD /* Release */,
			);
			defaultConfigurationIsVisible = 0;
			defaultConfigurationName = Release;
		};
/* End XCConfigurationList section */
	};
	rootObject = D356890D1F69AB5D003331BD /* Project object */;
}
